
Microsoft Visual Studio Solution File, Format Version 12.00
# Visual Studio Version 16
VisualStudioVersion = 16.0.30114.105
MinimumVisualStudioVersion = 10.0.40219.1
Project("{9A19103F-16F7-4668-BE54-9A1E7A4F7556}") = "Qnyd.Web", "Qnyd.Web\Qnyd.Web.csproj", "{AD999F02-488D-4F44-BA68-C606AB4934D6}"
EndProject
Project("{9A19103F-16F7-4668-BE54-9A1E7A4F7556}") = "Qnyd.Data", "Qnyd.Data\Qnyd.Data.csproj", "{68DAB3B3-0230-4F04-80F4-0838870CC9AE}"
EndProject
Project("{2150E333-8FDC-42A3-9474-1A3956D46DE8}") = "Modules", "Modules", "{B162C61C-3ECF-47F7-93E5-7988CFB61952}"
EndProject
Project("{9A19103F-16F7-4668-BE54-9A1E7A4F7556}") = "Qnyd.User", "Modules\Qnyd.User\Qnyd.User.csproj", "{2D6C5ADD-6C69-483A-A068-FB9D16388390}"
EndProject
Project("{FAE04EC0-301F-11D3-BF4B-00C04F79EFBC}") = "Qnyd.Article", "Modules\Qnyd.Article\Qnyd.Article.csproj", "{D828FEAA-8372-424B-A299-96E625628468}"
EndProject
Global
	GlobalSection(SolutionConfigurationPlatforms) = preSolution
		Debug|Any CPU = Debug|Any CPU
		Debug|x64 = Debug|x64
		Debug|x86 = Debug|x86
		Release|Any CPU = Release|Any CPU
		Release|x64 = Release|x64
		Release|x86 = Release|x86
	EndGlobalSection
	GlobalSection(ProjectConfigurationPlatforms) = postSolution
		{AD999F02-488D-4F44-BA68-C606AB4934D6}.Debug|Any CPU.ActiveCfg = Debug|Any CPU
		{AD999F02-488D-4F44-BA68-C606AB4934D6}.Debug|Any CPU.Build.0 = Debug|Any CPU
		{AD999F02-488D-4F44-BA68-C606AB4934D6}.Debug|x64.ActiveCfg = Debug|Any CPU
		{AD999F02-488D-4F44-BA68-C606AB4934D6}.Debug|x64.Build.0 = Debug|Any CPU
		{AD999F02-488D-4F44-BA68-C606AB4934D6}.Debug|x86.ActiveCfg = Debug|Any CPU
		{AD999F02-488D-4F44-BA68-C606AB4934D6}.Debug|x86.Build.0 = Debug|Any CPU
		{AD999F02-488D-4F44-BA68-C606AB4934D6}.Release|Any CPU.ActiveCfg = Release|Any CPU
		{AD999F02-488D-4F44-BA68-C606AB4934D6}.Release|Any CPU.Build.0 = Release|Any CPU
		{AD999F02-488D-4F44-BA68-C606AB4934D6}.Release|x64.ActiveCfg = Release|Any CPU
		{AD999F02-488D-4F44-BA68-C606AB4934D6}.Release|x64.Build.0 = Release|Any CPU
		{AD999F02-488D-4F44-BA68-C606AB4934D6}.Release|x86.ActiveCfg = Release|Any CPU
		{AD999F02-488D-4F44-BA68-C606AB4934D6}.Release|x86.Build.0 = Release|Any CPU
		{68DAB3B3-0230-4F04-80F4-0838870CC9AE}.Debug|Any CPU.ActiveCfg = Debug|Any CPU
		{68DAB3B3-0230-4F04-80F4-0838870CC9AE}.Debug|Any CPU.Build.0 = Debug|Any CPU
		{68DAB3B3-0230-4F04-80F4-0838870CC9AE}.Debug|x64.ActiveCfg = Debug|Any CPU
		{68DAB3B3-0230-4F04-80F4-0838870CC9AE}.Debug|x64.Build.0 = Debug|Any CPU
		{68DAB3B3-0230-4F04-80F4-0838870CC9AE}.Debug|x86.ActiveCfg = Debug|Any CPU
		{68DAB3B3-0230-4F04-80F4-0838870CC9AE}.Debug|x86.Build.0 = Debug|Any CPU
		{68DAB3B3-0230-4F04-80F4-0838870CC9AE}.Release|Any CPU.ActiveCfg = Release|Any CPU
		{68DAB3B3-0230-4F04-80F4-0838870CC9AE}.Release|Any CPU.Build.0 = Release|Any CPU
		{68DAB3B3-0230-4F04-80F4-0838870CC9AE}.Release|x64.ActiveCfg = Release|Any CPU
		{68DAB3B3-0230-4F04-80F4-0838870CC9AE}.Release|x64.Build.0 = Release|Any CPU
		{68DAB3B3-0230-4F04-80F4-0838870CC9AE}.Release|x86.ActiveCfg = Release|Any CPU
		{68DAB3B3-0230-4F04-80F4-0838870CC9AE}.Release|x86.Build.0 = Release|Any CPU
		{2D6C5ADD-6C69-483A-A068-FB9D16388390}.Debug|Any CPU.ActiveCfg = Debug|Any CPU
		{2D6C5ADD-6C69-483A-A068-FB9D16388390}.Debug|Any CPU.Build.0 = Debug|Any CPU
		{2D6C5ADD-6C69-483A-A068-FB9D16388390}.Debug|x64.ActiveCfg = Debug|Any CPU
		{2D6C5ADD-6C69-483A-A068-FB9D16388390}.Debug|x64.Build.0 = Debug|Any CPU
		{2D6C5ADD-6C69-483A-A068-FB9D16388390}.Debug|x86.ActiveCfg = Debug|Any CPU
		{2D6C5ADD-6C69-483A-A068-FB9D16388390}.Debug|x86.Build.0 = Debug|Any CPU
		{2D6C5ADD-6C69-483A-A068-FB9D16388390}.Release|Any CPU.ActiveCfg = Release|Any CPU
		{2D6C5ADD-6C69-483A-A068-FB9D16388390}.Release|Any CPU.Build.0 = Release|Any CPU
		{2D6C5ADD-6C69-483A-A068-FB9D16388390}.Release|x64.ActiveCfg = Release|Any CPU
		{2D6C5ADD-6C69-483A-A068-FB9D16388390}.Release|x64.Build.0 = Release|Any CPU
		{2D6C5ADD-6C69-483A-A068-FB9D16388390}.Release|x86.ActiveCfg = Release|Any CPU
		{2D6C5ADD-6C69-483A-A068-FB9D16388390}.Release|x86.Build.0 = Release|Any CPU
		{D828FEAA-8372-424B-A299-96E625628468}.Debug|Any CPU.ActiveCfg = Debug|Any CPU
		{D828FEAA-8372-424B-A299-96E625628468}.Debug|Any CPU.Build.0 = Debug|Any CPU
		{D828FEAA-8372-424B-A299-96E625628468}.Debug|x64.ActiveCfg = Debug|Any CPU
		{D828FEAA-8372-424B-A299-96E625628468}.Debug|x64.Build.0 = Debug|Any CPU
		{D828FEAA-8372-424B-A299-96E625628468}.Debug|x86.ActiveCfg = Debug|Any CPU
		{D828FEAA-8372-424B-A299-96E625628468}.Debug|x86.Build.0 = Debug|Any CPU
		{D828FEAA-8372-424B-A299-96E625628468}.Release|Any CPU.ActiveCfg = Release|Any CPU
		{D828FEAA-8372-424B-A299-96E625628468}.Release|Any CPU.Build.0 = Release|Any CPU
		{D828FEAA-8372-424B-A299-96E625628468}.Release|x64.ActiveCfg = Release|Any CPU
		{D828FEAA-8372-424B-A299-96E625628468}.Release|x64.Build.0 = Release|Any CPU
		{D828FEAA-8372-424B-A299-96E625628468}.Release|x86.ActiveCfg = Release|Any CPU
		{D828FEAA-8372-424B-A299-96E625628468}.Release|x86.Build.0 = Release|Any CPU
	EndGlobalSection
	GlobalSection(SolutionProperties) = preSolution
		HideSolutionNode = FALSE
	EndGlobalSection
	GlobalSection(NestedProjects) = preSolution
		{2D6C5ADD-6C69-483A-A068-FB9D16388390} = {B162C61C-3ECF-47F7-93E5-7988CFB61952}
		{D828FEAA-8372-424B-A299-96E625628468} = {B162C61C-3ECF-47F7-93E5-7988CFB61952}
	EndGlobalSection
	GlobalSection(ExtensibilityGlobals) = postSolution
		SolutionGuid = {AF3FAC31-315E-42F6-843C-4777454C4361}
	EndGlobalSection
EndGlobal
